
Microsoft Visual Studio Solution File, Format Version 12.00
# Visual Studio Version 16
VisualStudioVersion = 16.0.810.25
MinimumVisualStudioVersion = 10.0.40219.1
Project("{FAE04EC0-301F-11D3-BF4B-00C04F79EFBC}") = "Unity.VisualScripting.SettingsProvider.Editor", "Unity.VisualScripting.SettingsProvider.Editor.csproj", "{7D78577E-FE14-BE24-3304-5EED30778221}"
EndProject
Global
	GlobalSection(SolutionConfigurationPlatforms) = preSolution
		Debug|Any CPU = Debug|Any CPU
		Release|Any CPU = Release|Any CPU
	EndGlobalSection
	GlobalSection(ProjectConfigurationPlatforms) = postSolution
		{7D78577E-FE14-BE24-3304-5EED30778221}.Debug|Any CPU.ActiveCfg = Debug|Any CPU
		{7D78577E-FE14-BE24-3304-5EED30778221}.Debug|Any CPU.Build.0 = Debug|Any CPU
		{7D78577E-FE14-BE24-3304-5EED30778221}.Release|Any CPU.ActiveCfg = Release|Any CPU
		{7D78577E-FE14-BE24-3304-5EED30778221}.Release|Any CPU.Build.0 = Release|Any CPU
	EndGlobalSection
	GlobalSection(SolutionProperties) = preSolution
		HideSolutionNode = FALSE
	EndGlobalSection
	GlobalSection(ExtensibilityGlobals) = postSolution
		SolutionGuid = {C195B139-DE42-4874-A739-824C834F6406}
	EndGlobalSection
EndGlobal
